
Microsoft Visual Studio Solution File, Format Version 12.00
# Visual Studio Version 16
VisualStudioVersion = 16.0.29230.47
MinimumVisualStudioVersion = 10.0.40219.1
Project("{FAE04EC0-301F-11D3-BF4B-00C04F79EFBC}") = "CSProject08", "CSProject08\CSProject08.csproj", "{329FA6AE-FB17-4914-9CF4-A30016E7CC2C}"
EndProject
Global
	GlobalSection(SolutionConfigurationPlatforms) = preSolution
		Debug|Any CPU = Debug|Any CPU
		Release|Any CPU = Release|Any CPU
	EndGlobalSection
	GlobalSection(ProjectConfigurationPlatforms) = postSolution
		{329FA6AE-FB17-4914-9CF4-A30016E7CC2C}.Debug|Any CPU.ActiveCfg = Debug|Any CPU
		{329FA6AE-FB17-4914-9CF4-A30016E7CC2C}.Debug|Any CPU.Build.0 = Debug|Any CPU
		{329FA6AE-FB17-4914-9CF4-A30016E7CC2C}.Release|Any CPU.ActiveCfg = Release|Any CPU
		{329FA6AE-FB17-4914-9CF4-A30016E7CC2C}.Release|Any CPU.Build.0 = Release|Any CPU
	EndGlobalSection
	GlobalSection(SolutionProperties) = preSolution
		HideSolutionNode = FALSE
	EndGlobalSection
	GlobalSection(ExtensibilityGlobals) = postSolution
		SolutionGuid = {39A33C4D-AD04-4322-9A65-3BA5087C0C13}
	EndGlobalSection
EndGlobal
